
Microsoft Visual Studio Solution File, Format Version 12.00
# Visual Studio Version 17
VisualStudioVersion = 17.0.31423.177
MinimumVisualStudioVersion = 10.0.40219.1
Project("{9A19103F-16F7-4668-BE54-9A1E7A4F7556}") = "Skeletron", "src\Skeletron\Skeletron.csproj", "{9EC912DD-8BC4-45F0-93E9-A16B958FC5C3}"
EndProject
Project("{9A19103F-16F7-4668-BE54-9A1E7A4F7556}") = "Osu.NET.Api", "src\Osu.NET.Api\Osu.NET.Api.csproj", "{6BC803EE-45A3-45F6-B2A2-C78687C4DE90}"
EndProject
Project("{FAE04EC0-301F-11D3-BF4B-00C04F79EFBC}") = "Skeletron.Persistence", "src\Skeletron.Persistence\Skeletron.Persistence.csproj", "{1CA9EC48-173A-4BCB-BE4B-B71A45268438}"
EndProject
Project("{FAE04EC0-301F-11D3-BF4B-00C04F79EFBC}") = "Skeletron.Domain", "src\Skeletron.Domain\Skeletron.Domain.csproj", "{BD7A9C22-8C1D-4856-9041-6BC5D9A385ED}"
EndProject
Global
	GlobalSection(SolutionConfigurationPlatforms) = preSolution
		Debug|Any CPU = Debug|Any CPU
		Debug|x64 = Debug|x64
		Debug|x86 = Debug|x86
		Release|Any CPU = Release|Any CPU
		Release|x64 = Release|x64
		Release|x86 = Release|x86
	EndGlobalSection
	GlobalSection(ProjectConfigurationPlatforms) = postSolution
		{9EC912DD-8BC4-45F0-93E9-A16B958FC5C3}.Debug|Any CPU.ActiveCfg = Debug|Any CPU
		{9EC912DD-8BC4-45F0-93E9-A16B958FC5C3}.Debug|Any CPU.Build.0 = Debug|Any CPU
		{9EC912DD-8BC4-45F0-93E9-A16B958FC5C3}.Debug|x64.ActiveCfg = Debug|Any CPU
		{9EC912DD-8BC4-45F0-93E9-A16B958FC5C3}.Debug|x64.Build.0 = Debug|Any CPU
		{9EC912DD-8BC4-45F0-93E9-A16B958FC5C3}.Debug|x86.ActiveCfg = Debug|x86
		{9EC912DD-8BC4-45F0-93E9-A16B958FC5C3}.Debug|x86.Build.0 = Debug|x86
		{9EC912DD-8BC4-45F0-93E9-A16B958FC5C3}.Release|Any CPU.ActiveCfg = Release|Any CPU
		{9EC912DD-8BC4-45F0-93E9-A16B958FC5C3}.Release|Any CPU.Build.0 = Release|Any CPU
		{9EC912DD-8BC4-45F0-93E9-A16B958FC5C3}.Release|x64.ActiveCfg = Release|x64
		{9EC912DD-8BC4-45F0-93E9-A16B958FC5C3}.Release|x64.Build.0 = Release|x64
		{9EC912DD-8BC4-45F0-93E9-A16B958FC5C3}.Release|x86.ActiveCfg = Release|x86
		{9EC912DD-8BC4-45F0-93E9-A16B958FC5C3}.Release|x86.Build.0 = Release|x86
		{6BC803EE-45A3-45F6-B2A2-C78687C4DE90}.Debug|Any CPU.ActiveCfg = Debug|Any CPU
		{6BC803EE-45A3-45F6-B2A2-C78687C4DE90}.Debug|Any CPU.Build.0 = Debug|Any CPU
		{6BC803EE-45A3-45F6-B2A2-C78687C4DE90}.Debug|x64.ActiveCfg = Debug|Any CPU
		{6BC803EE-45A3-45F6-B2A2-C78687C4DE90}.Debug|x64.Build.0 = Debug|Any CPU
		{6BC803EE-45A3-45F6-B2A2-C78687C4DE90}.Debug|x86.ActiveCfg = Debug|Any CPU
		{6BC803EE-45A3-45F6-B2A2-C78687C4DE90}.Debug|x86.Build.0 = Debug|Any CPU
		{6BC803EE-45A3-45F6-B2A2-C78687C4DE90}.Release|Any CPU.ActiveCfg = Release|Any CPU
		{6BC803EE-45A3-45F6-B2A2-C78687C4DE90}.Release|Any CPU.Build.0 = Release|Any CPU
		{6BC803EE-45A3-45F6-B2A2-C78687C4DE90}.Release|x64.ActiveCfg = Release|Any CPU
		{6BC803EE-45A3-45F6-B2A2-C78687C4DE90}.Release|x64.Build.0 = Release|Any CPU
		{6BC803EE-45A3-45F6-B2A2-C78687C4DE90}.Release|x86.ActiveCfg = Release|Any CPU
		{6BC803EE-45A3-45F6-B2A2-C78687C4DE90}.Release|x86.Build.0 = Release|Any CPU
		{1CA9EC48-173A-4BCB-BE4B-B71A45268438}.Debug|Any CPU.ActiveCfg = Debug|Any CPU
		{1CA9EC48-173A-4BCB-BE4B-B71A45268438}.Debug|Any CPU.Build.0 = Debug|Any CPU
		{1CA9EC48-173A-4BCB-BE4B-B71A45268438}.Debug|x64.ActiveCfg = Debug|Any CPU
		{1CA9EC48-173A-4BCB-BE4B-B71A45268438}.Debug|x64.Build.0 = Debug|Any CPU
		{1CA9EC48-173A-4BCB-BE4B-B71A45268438}.Debug|x86.ActiveCfg = Debug|Any CPU
		{1CA9EC48-173A-4BCB-BE4B-B71A45268438}.Debug|x86.Build.0 = Debug|Any CPU
		{1CA9EC48-173A-4BCB-BE4B-B71A45268438}.Release|Any CPU.ActiveCfg = Release|Any CPU
		{1CA9EC48-173A-4BCB-BE4B-B71A45268438}.Release|Any CPU.Build.0 = Release|Any CPU
		{1CA9EC48-173A-4BCB-BE4B-B71A45268438}.Release|x64.ActiveCfg = Release|Any CPU
		{1CA9EC48-173A-4BCB-BE4B-B71A45268438}.Release|x64.Build.0 = Release|Any CPU
		{1CA9EC48-173A-4BCB-BE4B-B71A45268438}.Release|x86.ActiveCfg = Release|Any CPU
		{1CA9EC48-173A-4BCB-BE4B-B71A45268438}.Release|x86.Build.0 = Release|Any CPU
		{BD7A9C22-8C1D-4856-9041-6BC5D9A385ED}.Debug|Any CPU.ActiveCfg = Debug|Any CPU
		{BD7A9C22-8C1D-4856-9041-6BC5D9A385ED}.Debug|Any CPU.Build.0 = Debug|Any CPU
		{BD7A9C22-8C1D-4856-9041-6BC5D9A385ED}.Debug|x64.ActiveCfg = Debug|Any CPU
		{BD7A9C22-8C1D-4856-9041-6BC5D9A385ED}.Debug|x64.Build.0 = Debug|Any CPU
		{BD7A9C22-8C1D-4856-9041-6BC5D9A385ED}.Debug|x86.ActiveCfg = Debug|Any CPU
		{BD7A9C22-8C1D-4856-9041-6BC5D9A385ED}.Debug|x86.Build.0 = Debug|Any CPU
		{BD7A9C22-8C1D-4856-9041-6BC5D9A385ED}.Release|Any CPU.ActiveCfg = Release|Any CPU
		{BD7A9C22-8C1D-4856-9041-6BC5D9A385ED}.Release|Any CPU.Build.0 = Release|Any CPU
		{BD7A9C22-8C1D-4856-9041-6BC5D9A385ED}.Release|x64.ActiveCfg = Release|Any CPU
		{BD7A9C22-8C1D-4856-9041-6BC5D9A385ED}.Release|x64.Build.0 = Release|Any CPU
		{BD7A9C22-8C1D-4856-9041-6BC5D9A385ED}.Release|x86.ActiveCfg = Release|Any CPU
		{BD7A9C22-8C1D-4856-9041-6BC5D9A385ED}.Release|x86.Build.0 = Release|Any CPU
	EndGlobalSection
	GlobalSection(SolutionProperties) = preSolution
		HideSolutionNode = FALSE
	EndGlobalSection
	GlobalSection(ExtensibilityGlobals) = postSolution
		SolutionGuid = {00CA3A14-3569-4989-8C9E-F71302DE5659}
	EndGlobalSection
	GlobalSection(MonoDevelopProperties) = preSolution
		Policies = $0
		$0.DotNetNamingPolicy = $1
		$1.DirectoryNamespaceAssociation = PrefixedHierarchical
		$0.TextStylePolicy = $2
		$2.inheritsSet = null
		$2.scope = text/x-csharp
		$0.CSharpFormattingPolicy = $3
		$3.scope = text/x-csharp
		$0.StandardHeader = $4
		$0.VersionControlPolicy = $5
	EndGlobalSection
EndGlobal
