
Microsoft Visual Studio Solution File, Format Version 12.00
# Visual Studio Version 16
VisualStudioVersion = 16.0.29519.181
MinimumVisualStudioVersion = 10.0.40219.1
Project("{FAE04EC0-301F-11D3-BF4B-00C04F79EFBC}") = "WAV-Bot-DSharp", "WAV-Bot-DSharp\WAV-Bot-DSharp.csproj", "{9EC912DD-8BC4-45F0-93E9-A16B958FC5C3}"
EndProject
Global
	GlobalSection(SolutionConfigurationPlatforms) = preSolution
		Debug|Any CPU = Debug|Any CPU
		Release|Any CPU = Release|Any CPU
	EndGlobalSection
	GlobalSection(ProjectConfigurationPlatforms) = postSolution
		{9EC912DD-8BC4-45F0-93E9-A16B958FC5C3}.Debug|Any CPU.ActiveCfg = Debug|Any CPU
		{9EC912DD-8BC4-45F0-93E9-A16B958FC5C3}.Debug|Any CPU.Build.0 = Debug|Any CPU
		{9EC912DD-8BC4-45F0-93E9-A16B958FC5C3}.Release|Any CPU.ActiveCfg = Release|Any CPU
		{9EC912DD-8BC4-45F0-93E9-A16B958FC5C3}.Release|Any CPU.Build.0 = Release|Any CPU
	EndGlobalSection
	GlobalSection(SolutionProperties) = preSolution
		HideSolutionNode = FALSE
	EndGlobalSection
	GlobalSection(ExtensibilityGlobals) = postSolution
		SolutionGuid = {00CA3A14-3569-4989-8C9E-F71302DE5659}
	EndGlobalSection
EndGlobal
