
Microsoft Visual Studio Solution File, Format Version 12.00
# Visual Studio Version 17
VisualStudioVersion = 17.0.31423.177
MinimumVisualStudioVersion = 10.0.40219.1
Project("{9A19103F-16F7-4668-BE54-9A1E7A4F7556}") = "WAV-Bot-DSharp", "WAV-Bot-DSharp\WAV-Bot-DSharp.csproj", "{9EC912DD-8BC4-45F0-93E9-A16B958FC5C3}"
EndProject
Project("{9A19103F-16F7-4668-BE54-9A1E7A4F7556}") = "WAV-Osu-Recognizer", "WAV_Osu-Recognizer\WAV-Osu-Recognizer.csproj", "{DB9596BD-F4D1-490C-8E65-C3693DAEC318}"
EndProject
Project("{9A19103F-16F7-4668-BE54-9A1E7A4F7556}") = "WAV-Osu-Recognizer-Test", "WAB-Osu-Recognizer-Tes\WAV-Osu-Recognizer-Test.csproj", "{CDAA2B7D-7E8C-49B8-B9B1-58DE0178BBAF}"
EndProject
Project("{9A19103F-16F7-4668-BE54-9A1E7A4F7556}") = "WAV-Osu-NetApi", "WAV-Osu-NetApi\WAV-Osu-NetApi.csproj", "{6BC803EE-45A3-45F6-B2A2-C78687C4DE90}"
EndProject
Project("{9A19103F-16F7-4668-BE54-9A1E7A4F7556}") = "WAV-Osu-NetApi-Test", "WAV-Osu-NetApi-Test\WAV-Osu-NetApi-Test.csproj", "{A393B866-B449-43B4-BD5F-719082C125CB}"
EndProject
Project("{9A19103F-16F7-4668-BE54-9A1E7A4F7556}") = "WAV-Raven-Test", "WAV-Raven-Test\WAV-Raven-Test.csproj", "{FE2E76B1-7A30-46E5-84B4-4CC8F58053F6}"
EndProject
Global
	GlobalSection(SolutionConfigurationPlatforms) = preSolution
		Debug|Any CPU = Debug|Any CPU
		Debug|x64 = Debug|x64
		Debug|x86 = Debug|x86
		Release|Any CPU = Release|Any CPU
		Release|x64 = Release|x64
		Release|x86 = Release|x86
	EndGlobalSection
	GlobalSection(ProjectConfigurationPlatforms) = postSolution
		{9EC912DD-8BC4-45F0-93E9-A16B958FC5C3}.Debug|Any CPU.ActiveCfg = Debug|Any CPU
		{9EC912DD-8BC4-45F0-93E9-A16B958FC5C3}.Debug|Any CPU.Build.0 = Debug|Any CPU
		{9EC912DD-8BC4-45F0-93E9-A16B958FC5C3}.Debug|x64.ActiveCfg = Debug|Any CPU
		{9EC912DD-8BC4-45F0-93E9-A16B958FC5C3}.Debug|x64.Build.0 = Debug|Any CPU
		{9EC912DD-8BC4-45F0-93E9-A16B958FC5C3}.Debug|x86.ActiveCfg = Debug|x86
		{9EC912DD-8BC4-45F0-93E9-A16B958FC5C3}.Debug|x86.Build.0 = Debug|x86
		{9EC912DD-8BC4-45F0-93E9-A16B958FC5C3}.Release|Any CPU.ActiveCfg = Release|Any CPU
		{9EC912DD-8BC4-45F0-93E9-A16B958FC5C3}.Release|Any CPU.Build.0 = Release|Any CPU
		{9EC912DD-8BC4-45F0-93E9-A16B958FC5C3}.Release|x64.ActiveCfg = Release|x64
		{9EC912DD-8BC4-45F0-93E9-A16B958FC5C3}.Release|x64.Build.0 = Release|x64
		{9EC912DD-8BC4-45F0-93E9-A16B958FC5C3}.Release|x86.ActiveCfg = Release|x86
		{9EC912DD-8BC4-45F0-93E9-A16B958FC5C3}.Release|x86.Build.0 = Release|x86
		{DB9596BD-F4D1-490C-8E65-C3693DAEC318}.Debug|Any CPU.ActiveCfg = Debug|Any CPU
		{DB9596BD-F4D1-490C-8E65-C3693DAEC318}.Debug|Any CPU.Build.0 = Debug|Any CPU
		{DB9596BD-F4D1-490C-8E65-C3693DAEC318}.Debug|x64.ActiveCfg = Debug|Any CPU
		{DB9596BD-F4D1-490C-8E65-C3693DAEC318}.Debug|x64.Build.0 = Debug|Any CPU
		{DB9596BD-F4D1-490C-8E65-C3693DAEC318}.Debug|x86.ActiveCfg = Debug|Any CPU
		{DB9596BD-F4D1-490C-8E65-C3693DAEC318}.Debug|x86.Build.0 = Debug|Any CPU
		{DB9596BD-F4D1-490C-8E65-C3693DAEC318}.Release|Any CPU.ActiveCfg = Release|Any CPU
		{DB9596BD-F4D1-490C-8E65-C3693DAEC318}.Release|Any CPU.Build.0 = Release|Any CPU
		{DB9596BD-F4D1-490C-8E65-C3693DAEC318}.Release|x64.ActiveCfg = Release|Any CPU
		{DB9596BD-F4D1-490C-8E65-C3693DAEC318}.Release|x64.Build.0 = Release|Any CPU
		{DB9596BD-F4D1-490C-8E65-C3693DAEC318}.Release|x86.ActiveCfg = Release|Any CPU
		{DB9596BD-F4D1-490C-8E65-C3693DAEC318}.Release|x86.Build.0 = Release|Any CPU
		{CDAA2B7D-7E8C-49B8-B9B1-58DE0178BBAF}.Debug|Any CPU.ActiveCfg = Debug|Any CPU
		{CDAA2B7D-7E8C-49B8-B9B1-58DE0178BBAF}.Debug|Any CPU.Build.0 = Debug|Any CPU
		{CDAA2B7D-7E8C-49B8-B9B1-58DE0178BBAF}.Debug|x64.ActiveCfg = Debug|Any CPU
		{CDAA2B7D-7E8C-49B8-B9B1-58DE0178BBAF}.Debug|x64.Build.0 = Debug|Any CPU
		{CDAA2B7D-7E8C-49B8-B9B1-58DE0178BBAF}.Debug|x86.ActiveCfg = Debug|Any CPU
		{CDAA2B7D-7E8C-49B8-B9B1-58DE0178BBAF}.Debug|x86.Build.0 = Debug|Any CPU
		{CDAA2B7D-7E8C-49B8-B9B1-58DE0178BBAF}.Release|Any CPU.ActiveCfg = Release|Any CPU
		{CDAA2B7D-7E8C-49B8-B9B1-58DE0178BBAF}.Release|Any CPU.Build.0 = Release|Any CPU
		{CDAA2B7D-7E8C-49B8-B9B1-58DE0178BBAF}.Release|x64.ActiveCfg = Release|Any CPU
		{CDAA2B7D-7E8C-49B8-B9B1-58DE0178BBAF}.Release|x64.Build.0 = Release|Any CPU
		{CDAA2B7D-7E8C-49B8-B9B1-58DE0178BBAF}.Release|x86.ActiveCfg = Release|Any CPU
		{CDAA2B7D-7E8C-49B8-B9B1-58DE0178BBAF}.Release|x86.Build.0 = Release|Any CPU
		{6BC803EE-45A3-45F6-B2A2-C78687C4DE90}.Debug|Any CPU.ActiveCfg = Debug|Any CPU
		{6BC803EE-45A3-45F6-B2A2-C78687C4DE90}.Debug|Any CPU.Build.0 = Debug|Any CPU
		{6BC803EE-45A3-45F6-B2A2-C78687C4DE90}.Debug|x64.ActiveCfg = Debug|Any CPU
		{6BC803EE-45A3-45F6-B2A2-C78687C4DE90}.Debug|x64.Build.0 = Debug|Any CPU
		{6BC803EE-45A3-45F6-B2A2-C78687C4DE90}.Debug|x86.ActiveCfg = Debug|Any CPU
		{6BC803EE-45A3-45F6-B2A2-C78687C4DE90}.Debug|x86.Build.0 = Debug|Any CPU
		{6BC803EE-45A3-45F6-B2A2-C78687C4DE90}.Release|Any CPU.ActiveCfg = Release|Any CPU
		{6BC803EE-45A3-45F6-B2A2-C78687C4DE90}.Release|Any CPU.Build.0 = Release|Any CPU
		{6BC803EE-45A3-45F6-B2A2-C78687C4DE90}.Release|x64.ActiveCfg = Release|Any CPU
		{6BC803EE-45A3-45F6-B2A2-C78687C4DE90}.Release|x64.Build.0 = Release|Any CPU
		{6BC803EE-45A3-45F6-B2A2-C78687C4DE90}.Release|x86.ActiveCfg = Release|Any CPU
		{6BC803EE-45A3-45F6-B2A2-C78687C4DE90}.Release|x86.Build.0 = Release|Any CPU
		{A393B866-B449-43B4-BD5F-719082C125CB}.Debug|Any CPU.ActiveCfg = Debug|Any CPU
		{A393B866-B449-43B4-BD5F-719082C125CB}.Debug|Any CPU.Build.0 = Debug|Any CPU
		{A393B866-B449-43B4-BD5F-719082C125CB}.Debug|x64.ActiveCfg = Debug|Any CPU
		{A393B866-B449-43B4-BD5F-719082C125CB}.Debug|x64.Build.0 = Debug|Any CPU
		{A393B866-B449-43B4-BD5F-719082C125CB}.Debug|x86.ActiveCfg = Debug|Any CPU
		{A393B866-B449-43B4-BD5F-719082C125CB}.Debug|x86.Build.0 = Debug|Any CPU
		{A393B866-B449-43B4-BD5F-719082C125CB}.Release|Any CPU.ActiveCfg = Release|Any CPU
		{A393B866-B449-43B4-BD5F-719082C125CB}.Release|Any CPU.Build.0 = Release|Any CPU
		{A393B866-B449-43B4-BD5F-719082C125CB}.Release|x64.ActiveCfg = Release|Any CPU
		{A393B866-B449-43B4-BD5F-719082C125CB}.Release|x64.Build.0 = Release|Any CPU
		{A393B866-B449-43B4-BD5F-719082C125CB}.Release|x86.ActiveCfg = Release|Any CPU
		{A393B866-B449-43B4-BD5F-719082C125CB}.Release|x86.Build.0 = Release|Any CPU
		{FE2E76B1-7A30-46E5-84B4-4CC8F58053F6}.Debug|Any CPU.ActiveCfg = Debug|Any CPU
		{FE2E76B1-7A30-46E5-84B4-4CC8F58053F6}.Debug|Any CPU.Build.0 = Debug|Any CPU
		{FE2E76B1-7A30-46E5-84B4-4CC8F58053F6}.Debug|x64.ActiveCfg = Debug|Any CPU
		{FE2E76B1-7A30-46E5-84B4-4CC8F58053F6}.Debug|x64.Build.0 = Debug|Any CPU
		{FE2E76B1-7A30-46E5-84B4-4CC8F58053F6}.Debug|x86.ActiveCfg = Debug|Any CPU
		{FE2E76B1-7A30-46E5-84B4-4CC8F58053F6}.Debug|x86.Build.0 = Debug|Any CPU
		{FE2E76B1-7A30-46E5-84B4-4CC8F58053F6}.Release|Any CPU.ActiveCfg = Release|Any CPU
		{FE2E76B1-7A30-46E5-84B4-4CC8F58053F6}.Release|Any CPU.Build.0 = Release|Any CPU
		{FE2E76B1-7A30-46E5-84B4-4CC8F58053F6}.Release|x64.ActiveCfg = Release|Any CPU
		{FE2E76B1-7A30-46E5-84B4-4CC8F58053F6}.Release|x64.Build.0 = Release|Any CPU
		{FE2E76B1-7A30-46E5-84B4-4CC8F58053F6}.Release|x86.ActiveCfg = Release|Any CPU
		{FE2E76B1-7A30-46E5-84B4-4CC8F58053F6}.Release|x86.Build.0 = Release|Any CPU
	EndGlobalSection
	GlobalSection(SolutionProperties) = preSolution
		HideSolutionNode = FALSE
	EndGlobalSection
	GlobalSection(ExtensibilityGlobals) = postSolution
		SolutionGuid = {00CA3A14-3569-4989-8C9E-F71302DE5659}
	EndGlobalSection
	GlobalSection(MonoDevelopProperties) = preSolution
		Policies = $0
		$0.DotNetNamingPolicy = $1
		$1.DirectoryNamespaceAssociation = PrefixedHierarchical
		$0.TextStylePolicy = $2
		$2.inheritsSet = null
		$2.scope = text/x-csharp
		$0.CSharpFormattingPolicy = $3
		$3.scope = text/x-csharp
		$0.StandardHeader = $4
		$0.VersionControlPolicy = $5
	EndGlobalSection
EndGlobal
